// !$*UTF8*$!
{
	archiveVersion = 1;
	classes = {
	};
	objectVersion = 46;
	objects = {

/* Begin PBXBuildFile section */
		C63EFA6A169AE2860082581C /* Female1.png in Resources */ = {isa = PBXBuildFile; fileRef = C63EFA65169AE2860082581C /* Female1.png */; };
		C63EFA6B169AE2860082581C /* Female2.png in Resources */ = {isa = PBXBuildFile; fileRef = C63EFA66169AE2860082581C /* Female2.png */; };
		C63EFA6C169AE2860082581C /* Female3.png in Resources */ = {isa = PBXBuildFile; fileRef = C63EFA67169AE2860082581C /* Female3.png */; };
		C63EFA6D169AE2860082581C /* Male1.png in Resources */ = {isa = PBXBuildFile; fileRef = C63EFA68169AE2860082581C /* Male1.png */; };
		C63EFA6E169AE2860082581C /* Male2.png in Resources */ = {isa = PBXBuildFile; fileRef = C63EFA69169AE2860082581C /* Male2.png */; };
		C692E93816941057007F340C /* Default-568h@2x.png in Resources */ = {isa = PBXBuildFile; fileRef = C692E93716941057007F340C /* Default-568h@2x.png */; };
		C692E945169412CB007F340C /* Martin.png in Resources */ = {isa = PBXBuildFile; fileRef = C692E944169412CB007F340C /* Martin.png */; };
		C692E94916941A05007F340C /* CyanShape.png in Resources */ = {isa = PBXBuildFile; fileRef = C692E94816941A05007F340C /* CyanShape.png */; };
		C692E94E169425E6007F340C /* ChatTop.png in Resources */ = {isa = PBXBuildFile; fileRef = C692E94D169425E6007F340C /* ChatTop.png */; };
		C692E950169428E5007F340C /* MyFavouriteCell.xib in Resources */ = {isa = PBXBuildFile; fileRef = C692E94F169428E5007F340C /* MyFavouriteCell.xib */; };
		C692E95316942B0D007F340C /* MyFavouriteCell.m in Sources */ = {isa = PBXBuildFile; fileRef = C692E95216942B0D007F340C /* MyFavouriteCell.m */; };
		C692E95516943046007F340C /* FavoriteTop.png in Resources */ = {isa = PBXBuildFile; fileRef = C692E95416943046007F340C /* FavoriteTop.png */; };
		C692E957169430F9007F340C /* Favorite2.png in Resources */ = {isa = PBXBuildFile; fileRef = C692E956169430F9007F340C /* Favorite2.png */; };
		C692E960169439F2007F340C /* arrow.png in Resources */ = {isa = PBXBuildFile; fileRef = C692E95F169439F2007F340C /* arrow.png */; };
		C692E96216943AAC007F340C /* QuartzCore.framework in Frameworks */ = {isa = PBXBuildFile; fileRef = C692E96116943AAC007F340C /* QuartzCore.framework */; };
		C69338111696ACA7001A2BD2 /* UIScrollView+AH3DPullRefresh.m in Sources */ = {isa = PBXBuildFile; fileRef = C69338101696ACA7001A2BD2 /* UIScrollView+AH3DPullRefresh.m */; };
		C69338161696AD6C001A2BD2 /* ChatViewController.m in Sources */ = {isa = PBXBuildFile; fileRef = C69338141696AD6C001A2BD2 /* ChatViewController.m */; };
		C69338171696AD6C001A2BD2 /* ChatViewController.xib in Resources */ = {isa = PBXBuildFile; fileRef = C69338151696AD6C001A2BD2 /* ChatViewController.xib */; };
		C693381B1696ADF9001A2BD2 /* MyChatCell.m in Sources */ = {isa = PBXBuildFile; fileRef = C69338191696ADF9001A2BD2 /* MyChatCell.m */; };
		C693381C1696ADF9001A2BD2 /* MyChatCell.xib in Resources */ = {isa = PBXBuildFile; fileRef = C693381A1696ADF9001A2BD2 /* MyChatCell.xib */; };
		C69338201696D13D001A2BD2 /* CyanTriangle.png in Resources */ = {isa = PBXBuildFile; fileRef = C693381F1696D13D001A2BD2 /* CyanTriangle.png */; };
		C69871691692DC4200276FA5 /* GrnLne1.png in Resources */ = {isa = PBXBuildFile; fileRef = C69871681692DC4200276FA5 /* GrnLne1.png */; };
		C698716B1692E48400276FA5 /* TopImage.png in Resources */ = {isa = PBXBuildFile; fileRef = C698716A1692E48400276FA5 /* TopImage.png */; };
		C698716D1692E66500276FA5 /* Light Black.png in Resources */ = {isa = PBXBuildFile; fileRef = C698716C1692E66500276FA5 /* Light Black.png */; };
		C698716F1692EB4800276FA5 /* Black.png in Resources */ = {isa = PBXBuildFile; fileRef = C698716E1692EB4800276FA5 /* Black.png */; };
		C69871711692EC0B00276FA5 /* LtstPst.png in Resources */ = {isa = PBXBuildFile; fileRef = C69871701692EC0B00276FA5 /* LtstPst.png */; };
		C69871731692F5B700276FA5 /* Cyan.png in Resources */ = {isa = PBXBuildFile; fileRef = C69871721692F5B700276FA5 /* Cyan.png */; };
		C69871751692FEAF00276FA5 /* MyTableViewCell.xib in Resources */ = {isa = PBXBuildFile; fileRef = C69871741692FEAF00276FA5 /* MyTableViewCell.xib */; };
		C6987178169301EA00276FA5 /* MyTableViewCell.m in Sources */ = {isa = PBXBuildFile; fileRef = C6987177169301EA00276FA5 /* MyTableViewCell.m */; };
		E9D42E8C1692B5620028ECF9 /* UIKit.framework in Frameworks */ = {isa = PBXBuildFile; fileRef = E9D42E8B1692B5620028ECF9 /* UIKit.framework */; };
		E9D42E8E1692B5620028ECF9 /* Foundation.framework in Frameworks */ = {isa = PBXBuildFile; fileRef = E9D42E8D1692B5620028ECF9 /* Foundation.framework */; };
		E9D42E901692B5620028ECF9 /* CoreGraphics.framework in Frameworks */ = {isa = PBXBuildFile; fileRef = E9D42E8F1692B5620028ECF9 /* CoreGraphics.framework */; };
		E9D42E961692B5620028ECF9 /* InfoPlist.strings in Resources */ = {isa = PBXBuildFile; fileRef = E9D42E941692B5620028ECF9 /* InfoPlist.strings */; };
		E9D42E981692B5620028ECF9 /* main.m in Sources */ = {isa = PBXBuildFile; fileRef = E9D42E971692B5620028ECF9 /* main.m */; };
		E9D42E9C1692B5620028ECF9 /* AppDelegate.m in Sources */ = {isa = PBXBuildFile; fileRef = E9D42E9B1692B5620028ECF9 /* AppDelegate.m */; };
		E9D42EA11692B5620028ECF9 /* first.png in Resources */ = {isa = PBXBuildFile; fileRef = E9D42EA01692B5620028ECF9 /* first.png */; };
		E9D42EA31692B5620028ECF9 /* first@2x.png in Resources */ = {isa = PBXBuildFile; fileRef = E9D42EA21692B5620028ECF9 /* first@2x.png */; };
		E9D42EA81692B5620028ECF9 /* second.png in Resources */ = {isa = PBXBuildFile; fileRef = E9D42EA71692B5620028ECF9 /* second.png */; };
		E9D42EAA1692B5620028ECF9 /* second@2x.png in Resources */ = {isa = PBXBuildFile; fileRef = E9D42EA91692B5620028ECF9 /* second@2x.png */; };
		E9D42EB91692C6B50028ECF9 /* ProfileViewController.m in Sources */ = {isa = PBXBuildFile; fileRef = E9D42EB71692C6B50028ECF9 /* ProfileViewController.m */; };
		E9D42EBA1692C6B50028ECF9 /* ProfileViewController.xib in Resources */ = {isa = PBXBuildFile; fileRef = E9D42EB81692C6B50028ECF9 /* ProfileViewController.xib */; };
		E9D42EC81692C8D40028ECF9 /* FavouriteViewController.m in Sources */ = {isa = PBXBuildFile; fileRef = E9D42EC61692C8D40028ECF9 /* FavouriteViewController.m */; };
		E9D42EC91692C8D40028ECF9 /* FavouriteViewController.xib in Resources */ = {isa = PBXBuildFile; fileRef = E9D42EC71692C8D40028ECF9 /* FavouriteViewController.xib */; };
		E9D42ECD1692C9BC0028ECF9 /* MapsViewController.m in Sources */ = {isa = PBXBuildFile; fileRef = E9D42ECB1692C9BC0028ECF9 /* MapsViewController.m */; };
		E9D42ECE1692C9BC0028ECF9 /* MapsViewController.xib in Resources */ = {isa = PBXBuildFile; fileRef = E9D42ECC1692C9BC0028ECF9 /* MapsViewController.xib */; };
		E9D42EDB1692D3A30028ECF9 /* SocialTabViewController.m in Sources */ = {isa = PBXBuildFile; fileRef = E9D42ED91692D3A30028ECF9 /* SocialTabViewController.m */; };
		E9D42EDC1692D3A30028ECF9 /* SocialTabViewController.xib in Resources */ = {isa = PBXBuildFile; fileRef = E9D42EDA1692D3A30028ECF9 /* SocialTabViewController.xib */; };
/* End PBXBuildFile section */

/* Begin PBXFileReference section */
		C63EFA65169AE2860082581C /* Female1.png */ = {isa = PBXFileReference; lastKnownFileType = image.png; path = Female1.png; sourceTree = "<group>"; };
		C63EFA66169AE2860082581C /* Female2.png */ = {isa = PBXFileReference; lastKnownFileType = image.png; path = Female2.png; sourceTree = "<group>"; };
		C63EFA67169AE2860082581C /* Female3.png */ = {isa = PBXFileReference; lastKnownFileType = image.png; path = Female3.png; sourceTree = "<group>"; };
		C63EFA68169AE2860082581C /* Male1.png */ = {isa = PBXFileReference; lastKnownFileType = image.png; path = Male1.png; sourceTree = "<group>"; };
		C63EFA69169AE2860082581C /* Male2.png */ = {isa = PBXFileReference; lastKnownFileType = image.png; path = Male2.png; sourceTree = "<group>"; };
		C692E93716941057007F340C /* Default-568h@2x.png */ = {isa = PBXFileReference; lastKnownFileType = image.png; name = "Default-568h@2x.png"; path = "../Default-568h@2x.png"; sourceTree = "<group>"; };
		C692E944169412CB007F340C /* Martin.png */ = {isa = PBXFileReference; lastKnownFileType = image.png; name = Martin.png; path = ../Martin.png; sourceTree = "<group>"; };
		C692E94816941A05007F340C /* CyanShape.png */ = {isa = PBXFileReference; lastKnownFileType = image.png; name = CyanShape.png; path = ../CyanShape.png; sourceTree = "<group>"; };
		C692E94D169425E6007F340C /* ChatTop.png */ = {isa = PBXFileReference; lastKnownFileType = image.png; name = ChatTop.png; path = ../ChatTop.png; sourceTree = "<group>"; };
		C692E94F169428E5007F340C /* MyFavouriteCell.xib */ = {isa = PBXFileReference; fileEncoding = 4; lastKnownFileType = file.xib; name = MyFavouriteCell.xib; path = ../MyFavouriteCell.xib; sourceTree = "<group>"; };
		C692E95116942B0D007F340C /* MyFavouriteCell.h */ = {isa = PBXFileReference; fileEncoding = 4; lastKnownFileType = sourcecode.c.h; name = MyFavouriteCell.h; path = ../MyFavouriteCell.h; sourceTree = "<group>"; };
		C692E95216942B0D007F340C /* MyFavouriteCell.m */ = {isa = PBXFileReference; fileEncoding = 4; lastKnownFileType = sourcecode.c.objc; name = MyFavouriteCell.m; path = ../MyFavouriteCell.m; sourceTree = "<group>"; };
		C692E95416943046007F340C /* FavoriteTop.png */ = {isa = PBXFileReference; lastKnownFileType = image.png; name = FavoriteTop.png; path = ../FavoriteTop.png; sourceTree = "<group>"; };
		C692E956169430F9007F340C /* Favorite2.png */ = {isa = PBXFileReference; lastKnownFileType = image.png; name = Favorite2.png; path = ../Favorite2.png; sourceTree = "<group>"; };
		C692E95F169439F2007F340C /* arrow.png */ = {isa = PBXFileReference; lastKnownFileType = image.png; name = arrow.png; path = ../arrow.png; sourceTree = "<group>"; };
		C692E96116943AAC007F340C /* QuartzCore.framework */ = {isa = PBXFileReference; lastKnownFileType = wrapper.framework; name = QuartzCore.framework; path = System/Library/Frameworks/QuartzCore.framework; sourceTree = SDKROOT; };
		C693380F1696ACA7001A2BD2 /* UIScrollView+AH3DPullRefresh.h */ = {isa = PBXFileReference; fileEncoding = 4; lastKnownFileType = sourcecode.c.h; name = "UIScrollView+AH3DPullRefresh.h"; path = "../UIScrollView+AH3DPullRefresh.h"; sourceTree = "<group>"; };
		C69338101696ACA7001A2BD2 /* UIScrollView+AH3DPullRefresh.m */ = {isa = PBXFileReference; fileEncoding = 4; lastKnownFileType = sourcecode.c.objc; name = "UIScrollView+AH3DPullRefresh.m"; path = "../UIScrollView+AH3DPullRefresh.m"; sourceTree = "<group>"; };
		C69338131696AD6C001A2BD2 /* ChatViewController.h */ = {isa = PBXFileReference; fileEncoding = 4; lastKnownFileType = sourcecode.c.h; name = ChatViewController.h; path = ../ChatViewController.h; sourceTree = "<group>"; };
		C69338141696AD6C001A2BD2 /* ChatViewController.m */ = {isa = PBXFileReference; fileEncoding = 4; lastKnownFileType = sourcecode.c.objc; name = ChatViewController.m; path = ../ChatViewController.m; sourceTree = "<group>"; };
		C69338151696AD6C001A2BD2 /* ChatViewController.xib */ = {isa = PBXFileReference; fileEncoding = 4; lastKnownFileType = file.xib; name = ChatViewController.xib; path = ../ChatViewController.xib; sourceTree = "<group>"; };
		C69338181696ADF9001A2BD2 /* MyChatCell.h */ = {isa = PBXFileReference; fileEncoding = 4; lastKnownFileType = sourcecode.c.h; name = MyChatCell.h; path = ../MyChatCell.h; sourceTree = "<group>"; };
		C69338191696ADF9001A2BD2 /* MyChatCell.m */ = {isa = PBXFileReference; fileEncoding = 4; lastKnownFileType = sourcecode.c.objc; name = MyChatCell.m; path = ../MyChatCell.m; sourceTree = "<group>"; };
		C693381A1696ADF9001A2BD2 /* MyChatCell.xib */ = {isa = PBXFileReference; fileEncoding = 4; lastKnownFileType = file.xib; name = MyChatCell.xib; path = ../MyChatCell.xib; sourceTree = "<group>"; };
		C693381F1696D13D001A2BD2 /* CyanTriangle.png */ = {isa = PBXFileReference; lastKnownFileType = image.png; path = CyanTriangle.png; sourceTree = "<group>"; };
		C69871681692DC4200276FA5 /* GrnLne1.png */ = {isa = PBXFileReference; lastKnownFileType = image.png; name = GrnLne1.png; path = ../GrnLne1.png; sourceTree = "<group>"; };
		C698716A1692E48400276FA5 /* TopImage.png */ = {isa = PBXFileReference; lastKnownFileType = image.png; name = TopImage.png; path = ../TopImage.png; sourceTree = "<group>"; };
		C698716C1692E66500276FA5 /* Light Black.png */ = {isa = PBXFileReference; lastKnownFileType = image.png; name = "Light Black.png"; path = "../Light Black.png"; sourceTree = "<group>"; };
		C698716E1692EB4800276FA5 /* Black.png */ = {isa = PBXFileReference; lastKnownFileType = image.png; name = Black.png; path = ../Black.png; sourceTree = "<group>"; };
		C69871701692EC0B00276FA5 /* LtstPst.png */ = {isa = PBXFileReference; lastKnownFileType = image.png; name = LtstPst.png; path = ../LtstPst.png; sourceTree = "<group>"; };
		C69871721692F5B700276FA5 /* Cyan.png */ = {isa = PBXFileReference; lastKnownFileType = image.png; name = Cyan.png; path = ../Cyan.png; sourceTree = "<group>"; };
		C69871741692FEAF00276FA5 /* MyTableViewCell.xib */ = {isa = PBXFileReference; fileEncoding = 4; lastKnownFileType = file.xib; name = MyTableViewCell.xib; path = ../MyTableViewCell.xib; sourceTree = "<group>"; };
		C6987176169301EA00276FA5 /* MyTableViewCell.h */ = {isa = PBXFileReference; fileEncoding = 4; lastKnownFileType = sourcecode.c.h; name = MyTableViewCell.h; path = ../MyTableViewCell.h; sourceTree = "<group>"; };
		C6987177169301EA00276FA5 /* MyTableViewCell.m */ = {isa = PBXFileReference; fileEncoding = 4; lastKnownFileType = sourcecode.c.objc; name = MyTableViewCell.m; path = ../MyTableViewCell.m; sourceTree = "<group>"; };
		E9D42E871692B5620028ECF9 /* IMA.app */ = {isa = PBXFileReference; explicitFileType = wrapper.application; includeInIndex = 0; path = IMA.app; sourceTree = BUILT_PRODUCTS_DIR; };
		E9D42E8B1692B5620028ECF9 /* UIKit.framework */ = {isa = PBXFileReference; lastKnownFileType = wrapper.framework; name = UIKit.framework; path = System/Library/Frameworks/UIKit.framework; sourceTree = SDKROOT; };
		E9D42E8D1692B5620028ECF9 /* Foundation.framework */ = {isa = PBXFileReference; lastKnownFileType = wrapper.framework; name = Foundation.framework; path = System/Library/Frameworks/Foundation.framework; sourceTree = SDKROOT; };
		E9D42E8F1692B5620028ECF9 /* CoreGraphics.framework */ = {isa = PBXFileReference; lastKnownFileType = wrapper.framework; name = CoreGraphics.framework; path = System/Library/Frameworks/CoreGraphics.framework; sourceTree = SDKROOT; };
		E9D42E931692B5620028ECF9 /* IMA-Info.plist */ = {isa = PBXFileReference; lastKnownFileType = text.plist.xml; path = "IMA-Info.plist"; sourceTree = "<group>"; };
		E9D42E951692B5620028ECF9 /* en */ = {isa = PBXFileReference; lastKnownFileType = text.plist.strings; name = en; path = en.lproj/InfoPlist.strings; sourceTree = "<group>"; };
		E9D42E971692B5620028ECF9 /* main.m */ = {isa = PBXFileReference; lastKnownFileType = sourcecode.c.objc; path = main.m; sourceTree = "<group>"; };
		E9D42E991692B5620028ECF9 /* IMA-Prefix.pch */ = {isa = PBXFileReference; lastKnownFileType = sourcecode.c.h; path = "IMA-Prefix.pch"; sourceTree = "<group>"; };
		E9D42E9A1692B5620028ECF9 /* AppDelegate.h */ = {isa = PBXFileReference; lastKnownFileType = sourcecode.c.h; path = AppDelegate.h; sourceTree = "<group>"; };
		E9D42E9B1692B5620028ECF9 /* AppDelegate.m */ = {isa = PBXFileReference; lastKnownFileType = sourcecode.c.objc; path = AppDelegate.m; sourceTree = "<group>"; };
		E9D42EA01692B5620028ECF9 /* first.png */ = {isa = PBXFileReference; lastKnownFileType = image.png; path = first.png; sourceTree = "<group>"; };
		E9D42EA21692B5620028ECF9 /* first@2x.png */ = {isa = PBXFileReference; lastKnownFileType = image.png; path = "first@2x.png"; sourceTree = "<group>"; };
		E9D42EA71692B5620028ECF9 /* second.png */ = {isa = PBXFileReference; lastKnownFileType = image.png; path = second.png; sourceTree = "<group>"; };
		E9D42EA91692B5620028ECF9 /* second@2x.png */ = {isa = PBXFileReference; lastKnownFileType = image.png; path = "second@2x.png"; sourceTree = "<group>"; };
		E9D42EB61692C6B50028ECF9 /* ProfileViewController.h */ = {isa = PBXFileReference; fileEncoding = 4; lastKnownFileType = sourcecode.c.h; path = ProfileViewController.h; sourceTree = "<group>"; };
		E9D42EB71692C6B50028ECF9 /* ProfileViewController.m */ = {isa = PBXFileReference; fileEncoding = 4; lastKnownFileType = sourcecode.c.objc; path = ProfileViewController.m; sourceTree = "<group>"; };
		E9D42EB81692C6B50028ECF9 /* ProfileViewController.xib */ = {isa = PBXFileReference; fileEncoding = 4; lastKnownFileType = file.xib; path = ProfileViewController.xib; sourceTree = "<group>"; };
		E9D42EC51692C8D40028ECF9 /* FavouriteViewController.h */ = {isa = PBXFileReference; fileEncoding = 4; lastKnownFileType = sourcecode.c.h; name = FavouriteViewController.h; path = ../FavouriteViewController.h; sourceTree = "<group>"; };
		E9D42EC61692C8D40028ECF9 /* FavouriteViewController.m */ = {isa = PBXFileReference; fileEncoding = 4; lastKnownFileType = sourcecode.c.objc; name = FavouriteViewController.m; path = ../FavouriteViewController.m; sourceTree = "<group>"; };
		E9D42EC71692C8D40028ECF9 /* FavouriteViewController.xib */ = {isa = PBXFileReference; fileEncoding = 4; lastKnownFileType = file.xib; name = FavouriteViewController.xib; path = ../FavouriteViewController.xib; sourceTree = "<group>"; };
		E9D42ECA1692C9BC0028ECF9 /* MapsViewController.h */ = {isa = PBXFileReference; fileEncoding = 4; lastKnownFileType = sourcecode.c.h; name = MapsViewController.h; path = ../MapsViewController.h; sourceTree = "<group>"; };
		E9D42ECB1692C9BC0028ECF9 /* MapsViewController.m */ = {isa = PBXFileReference; fileEncoding = 4; lastKnownFileType = sourcecode.c.objc; name = MapsViewController.m; path = ../MapsViewController.m; sourceTree = "<group>"; };
		E9D42ECC1692C9BC0028ECF9 /* MapsViewController.xib */ = {isa = PBXFileReference; fileEncoding = 4; lastKnownFileType = file.xib; name = MapsViewController.xib; path = ../MapsViewController.xib; sourceTree = "<group>"; };
		E9D42ED81692D3A30028ECF9 /* SocialTabViewController.h */ = {isa = PBXFileReference; fileEncoding = 4; lastKnownFileType = sourcecode.c.h; path = SocialTabViewController.h; sourceTree = "<group>"; };
		E9D42ED91692D3A30028ECF9 /* SocialTabViewController.m */ = {isa = PBXFileReference; fileEncoding = 4; lastKnownFileType = sourcecode.c.objc; path = SocialTabViewController.m; sourceTree = "<group>"; };
		E9D42EDA1692D3A30028ECF9 /* SocialTabViewController.xib */ = {isa = PBXFileReference; fileEncoding = 4; lastKnownFileType = file.xib; path = SocialTabViewController.xib; sourceTree = "<group>"; };
/* End PBXFileReference section */

/* Begin PBXFrameworksBuildPhase section */
		E9D42E841692B5620028ECF9 /* Frameworks */ = {
			isa = PBXFrameworksBuildPhase;
			buildActionMask = 2147483647;
			files = (
				C692E96216943AAC007F340C /* QuartzCore.framework in Frameworks */,
				E9D42E8C1692B5620028ECF9 /* UIKit.framework in Frameworks */,
				E9D42E8E1692B5620028ECF9 /* Foundation.framework in Frameworks */,
				E9D42E901692B5620028ECF9 /* CoreGraphics.framework in Frameworks */,
			);
			runOnlyForDeploymentPostprocessing = 0;
		};
/* End PBXFrameworksBuildPhase section */

/* Begin PBXGroup section */
		E9D42E7C1692B5610028ECF9 = {
			isa = PBXGroup;
			children = (
				E9D42E911692B5620028ECF9 /* IMA */,
				E9D42E8A1692B5620028ECF9 /* Frameworks */,
				E9D42E881692B5620028ECF9 /* Products */,
			);
			sourceTree = "<group>";
		};
		E9D42E881692B5620028ECF9 /* Products */ = {
			isa = PBXGroup;
			children = (
				E9D42E871692B5620028ECF9 /* IMA.app */,
			);
			name = Products;
			sourceTree = "<group>";
		};
		E9D42E8A1692B5620028ECF9 /* Frameworks */ = {
			isa = PBXGroup;
			children = (
				C692E96116943AAC007F340C /* QuartzCore.framework */,
				E9D42E8B1692B5620028ECF9 /* UIKit.framework */,
				E9D42E8D1692B5620028ECF9 /* Foundation.framework */,
				E9D42E8F1692B5620028ECF9 /* CoreGraphics.framework */,
			);
			name = Frameworks;
			sourceTree = "<group>";
		};
		E9D42E911692B5620028ECF9 /* IMA */ = {
			isa = PBXGroup;
			children = (
				C693380F1696ACA7001A2BD2 /* UIScrollView+AH3DPullRefresh.h */,
				C69338101696ACA7001A2BD2 /* UIScrollView+AH3DPullRefresh.m */,
				E9D42ECA1692C9BC0028ECF9 /* MapsViewController.h */,
				E9D42ECB1692C9BC0028ECF9 /* MapsViewController.m */,
				E9D42ECC1692C9BC0028ECF9 /* MapsViewController.xib */,
				C692E95116942B0D007F340C /* MyFavouriteCell.h */,
				C692E95216942B0D007F340C /* MyFavouriteCell.m */,
				C692E94F169428E5007F340C /* MyFavouriteCell.xib */,
				E9D42ED81692D3A30028ECF9 /* SocialTabViewController.h */,
				E9D42ED91692D3A30028ECF9 /* SocialTabViewController.m */,
				E9D42EDA1692D3A30028ECF9 /* SocialTabViewController.xib */,
				E9D42EC51692C8D40028ECF9 /* FavouriteViewController.h */,
				E9D42EC61692C8D40028ECF9 /* FavouriteViewController.m */,
				E9D42EC71692C8D40028ECF9 /* FavouriteViewController.xib */,
				E9D42E9A1692B5620028ECF9 /* AppDelegate.h */,
				E9D42E9B1692B5620028ECF9 /* AppDelegate.m */,
				C6987176169301EA00276FA5 /* MyTableViewCell.h */,
				C6987177169301EA00276FA5 /* MyTableViewCell.m */,
				C69871741692FEAF00276FA5 /* MyTableViewCell.xib */,
				E9D42EB61692C6B50028ECF9 /* ProfileViewController.h */,
				E9D42EB71692C6B50028ECF9 /* ProfileViewController.m */,
				E9D42EB81692C6B50028ECF9 /* ProfileViewController.xib */,
				C69338181696ADF9001A2BD2 /* MyChatCell.h */,
				C69338191696ADF9001A2BD2 /* MyChatCell.m */,
				C693381A1696ADF9001A2BD2 /* MyChatCell.xib */,
				C69338131696AD6C001A2BD2 /* ChatViewController.h */,
				C69338141696AD6C001A2BD2 /* ChatViewController.m */,
				C69338151696AD6C001A2BD2 /* ChatViewController.xib */,
				E9D42E921692B5620028ECF9 /* Supporting Files */,
			);
			path = IMA;
			sourceTree = "<group>";
		};
		E9D42E921692B5620028ECF9 /* Supporting Files */ = {
			isa = PBXGroup;
			children = (
				E9D42EDE1692D3DF0028ECF9 /* Images */,
				E9D42E931692B5620028ECF9 /* IMA-Info.plist */,
				E9D42E941692B5620028ECF9 /* InfoPlist.strings */,
				E9D42E971692B5620028ECF9 /* main.m */,
				E9D42E991692B5620028ECF9 /* IMA-Prefix.pch */,
			);
			name = "Supporting Files";
			sourceTree = "<group>";
		};
		E9D42EDE1692D3DF0028ECF9 /* Images */ = {
			isa = PBXGroup;
			children = (
				C63EFA65169AE2860082581C /* Female1.png */,
				C63EFA66169AE2860082581C /* Female2.png */,
				C63EFA67169AE2860082581C /* Female3.png */,
				C63EFA68169AE2860082581C /* Male1.png */,
				C63EFA69169AE2860082581C /* Male2.png */,
				C692E95F169439F2007F340C /* arrow.png */,
				C693381F1696D13D001A2BD2 /* CyanTriangle.png */,
				C692E95416943046007F340C /* FavoriteTop.png */,
				C692E94816941A05007F340C /* CyanShape.png */,
				C69871681692DC4200276FA5 /* GrnLne1.png */,
				C692E956169430F9007F340C /* Favorite2.png */,
				C69871721692F5B700276FA5 /* Cyan.png */,
				C692E93716941057007F340C /* Default-568h@2x.png */,
				C698716C1692E66500276FA5 /* Light Black.png */,
				C692E944169412CB007F340C /* Martin.png */,
				C692E94D169425E6007F340C /* ChatTop.png */,
				C69871701692EC0B00276FA5 /* LtstPst.png */,
				C698716E1692EB4800276FA5 /* Black.png */,
				C698716A1692E48400276FA5 /* TopImage.png */,
				E9D42EA01692B5620028ECF9 /* first.png */,
				E9D42EA21692B5620028ECF9 /* first@2x.png */,
				E9D42EA71692B5620028ECF9 /* second.png */,
				E9D42EA91692B5620028ECF9 /* second@2x.png */,
			);
			name = Images;
			sourceTree = "<group>";
		};
/* End PBXGroup section */

/* Begin PBXNativeTarget section */
		E9D42E861692B5620028ECF9 /* IMA */ = {
			isa = PBXNativeTarget;
			buildConfigurationList = E9D42EB31692B5620028ECF9 /* Build configuration list for PBXNativeTarget "IMA" */;
			buildPhases = (
				E9D42E831692B5620028ECF9 /* Sources */,
				E9D42E841692B5620028ECF9 /* Frameworks */,
				E9D42E851692B5620028ECF9 /* Resources */,
			);
			buildRules = (
			);
			dependencies = (
			);
			name = IMA;
			productName = IMA;
			productReference = E9D42E871692B5620028ECF9 /* IMA.app */;
			productType = "com.apple.product-type.application";
		};
/* End PBXNativeTarget section */

/* Begin PBXProject section */
		E9D42E7E1692B5610028ECF9 /* Project object */ = {
			isa = PBXProject;
			attributes = {
				LastUpgradeCheck = 0430;
			};
			buildConfigurationList = E9D42E811692B5610028ECF9 /* Build configuration list for PBXProject "IMA" */;
			compatibilityVersion = "Xcode 3.2";
			developmentRegion = English;
			hasScannedForEncodings = 0;
			knownRegions = (
				en,
			);
			mainGroup = E9D42E7C1692B5610028ECF9;
			productRefGroup = E9D42E881692B5620028ECF9 /* Products */;
			projectDirPath = "";
			projectRoot = "";
			targets = (
				E9D42E861692B5620028ECF9 /* IMA */,
			);
		};
/* End PBXProject section */

/* Begin PBXResourcesBuildPhase section */
		E9D42E851692B5620028ECF9 /* Resources */ = {
			isa = PBXResourcesBuildPhase;
			buildActionMask = 2147483647;
			files = (
				E9D42E961692B5620028ECF9 /* InfoPlist.strings in Resources */,
				E9D42EA11692B5620028ECF9 /* first.png in Resources */,
				E9D42EA31692B5620028ECF9 /* first@2x.png in Resources */,
				E9D42EA81692B5620028ECF9 /* second.png in Resources */,
				E9D42EAA1692B5620028ECF9 /* second@2x.png in Resources */,
				E9D42EBA1692C6B50028ECF9 /* ProfileViewController.xib in Resources */,
				E9D42EC91692C8D40028ECF9 /* FavouriteViewController.xib in Resources */,
				E9D42ECE1692C9BC0028ECF9 /* MapsViewController.xib in Resources */,
				E9D42EDC1692D3A30028ECF9 /* SocialTabViewController.xib in Resources */,
				C69871691692DC4200276FA5 /* GrnLne1.png in Resources */,
				C698716B1692E48400276FA5 /* TopImage.png in Resources */,
				C698716D1692E66500276FA5 /* Light Black.png in Resources */,
				C698716F1692EB4800276FA5 /* Black.png in Resources */,
				C69871711692EC0B00276FA5 /* LtstPst.png in Resources */,
				C69871731692F5B700276FA5 /* Cyan.png in Resources */,
				C69871751692FEAF00276FA5 /* MyTableViewCell.xib in Resources */,
				C692E93816941057007F340C /* Default-568h@2x.png in Resources */,
				C692E945169412CB007F340C /* Martin.png in Resources */,
				C692E94916941A05007F340C /* CyanShape.png in Resources */,
				C692E94E169425E6007F340C /* ChatTop.png in Resources */,
				C692E950169428E5007F340C /* MyFavouriteCell.xib in Resources */,
				C692E95516943046007F340C /* FavoriteTop.png in Resources */,
				C692E957169430F9007F340C /* Favorite2.png in Resources */,
				C692E960169439F2007F340C /* arrow.png in Resources */,
				C69338171696AD6C001A2BD2 /* ChatViewController.xib in Resources */,
				C693381C1696ADF9001A2BD2 /* MyChatCell.xib in Resources */,
				C69338201696D13D001A2BD2 /* CyanTriangle.png in Resources */,
				C63EFA6A169AE2860082581C /* Female1.png in Resources */,
				C63EFA6B169AE2860082581C /* Female2.png in Resources */,
				C63EFA6C169AE2860082581C /* Female3.png in Resources */,
				C63EFA6D169AE2860082581C /* Male1.png in Resources */,
				C63EFA6E169AE2860082581C /* Male2.png in Resources */,
			);
			runOnlyForDeploymentPostprocessing = 0;
		};
/* End PBXResourcesBuildPhase section */

/* Begin PBXSourcesBuildPhase section */
		E9D42E831692B5620028ECF9 /* Sources */ = {
			isa = PBXSourcesBuildPhase;
			buildActionMask = 2147483647;
			files = (
				E9D42E981692B5620028ECF9 /* main.m in Sources */,
				E9D42E9C1692B5620028ECF9 /* AppDelegate.m in Sources */,
				E9D42EB91692C6B50028ECF9 /* ProfileViewController.m in Sources */,
				E9D42EC81692C8D40028ECF9 /* FavouriteViewController.m in Sources */,
				E9D42ECD1692C9BC0028ECF9 /* MapsViewController.m in Sources */,
				E9D42EDB1692D3A30028ECF9 /* SocialTabViewController.m in Sources */,
				C6987178169301EA00276FA5 /* MyTableViewCell.m in Sources */,
				C692E95316942B0D007F340C /* MyFavouriteCell.m in Sources */,
				C69338111696ACA7001A2BD2 /* UIScrollView+AH3DPullRefresh.m in Sources */,
				C69338161696AD6C001A2BD2 /* ChatViewController.m in Sources */,
				C693381B1696ADF9001A2BD2 /* MyChatCell.m in Sources */,
			);
			runOnlyForDeploymentPostprocessing = 0;
		};
/* End PBXSourcesBuildPhase section */

/* Begin PBXVariantGroup section */
		E9D42E941692B5620028ECF9 /* InfoPlist.strings */ = {
			isa = PBXVariantGroup;
			children = (
				E9D42E951692B5620028ECF9 /* en */,
			);
			name = InfoPlist.strings;
			sourceTree = "<group>";
		};
/* End PBXVariantGroup section */

/* Begin XCBuildConfiguration section */
		E9D42EB11692B5620028ECF9 /* Debug */ = {
			isa = XCBuildConfiguration;
			buildSettings = {
				ALWAYS_SEARCH_USER_PATHS = NO;
				ARCHS = "$(ARCHS_STANDARD_32_BIT)";
				"CODE_SIGN_IDENTITY[sdk=iphoneos*]" = "iPhone Developer";
				COPY_PHASE_STRIP = NO;
				GCC_C_LANGUAGE_STANDARD = gnu99;
				GCC_DYNAMIC_NO_PIC = NO;
				GCC_OPTIMIZATION_LEVEL = 0;
				GCC_PREPROCESSOR_DEFINITIONS = (
					"DEBUG=1",
					"$(inherited)",
				);
				GCC_SYMBOLS_PRIVATE_EXTERN = NO;
				GCC_VERSION = com.apple.compilers.llvm.clang.1_0;
				GCC_WARN_ABOUT_RETURN_TYPE = YES;
				GCC_WARN_UNINITIALIZED_AUTOS = YES;
				GCC_WARN_UNUSED_VARIABLE = YES;
				IPHONEOS_DEPLOYMENT_TARGET = 5.1;
				SDKROOT = iphoneos;
			};
			name = Debug;
		};
		E9D42EB21692B5620028ECF9 /* Release */ = {
			isa = XCBuildConfiguration;
			buildSettings = {
				ALWAYS_SEARCH_USER_PATHS = NO;
				ARCHS = "$(ARCHS_STANDARD_32_BIT)";
				"CODE_SIGN_IDENTITY[sdk=iphoneos*]" = "iPhone Developer";
				COPY_PHASE_STRIP = YES;
				GCC_C_LANGUAGE_STANDARD = gnu99;
				GCC_VERSION = com.apple.compilers.llvm.clang.1_0;
				GCC_WARN_ABOUT_RETURN_TYPE = YES;
				GCC_WARN_UNINITIALIZED_AUTOS = YES;
				GCC_WARN_UNUSED_VARIABLE = YES;
				IPHONEOS_DEPLOYMENT_TARGET = 5.1;
				OTHER_CFLAGS = "-DNS_BLOCK_ASSERTIONS=1";
				SDKROOT = iphoneos;
				VALIDATE_PRODUCT = YES;
			};
			name = Release;
		};
		E9D42EB41692B5620028ECF9 /* Debug */ = {
			isa = XCBuildConfiguration;
			buildSettings = {
				GCC_PRECOMPILE_PREFIX_HEADER = YES;
				GCC_PREFIX_HEADER = "IMA/IMA-Prefix.pch";
				INFOPLIST_FILE = "IMA/IMA-Info.plist";
				PRODUCT_NAME = "$(TARGET_NAME)";
				WRAPPER_EXTENSION = app;
			};
			name = Debug;
		};
		E9D42EB51692B5620028ECF9 /* Release */ = {
			isa = XCBuildConfiguration;
			buildSettings = {
				GCC_PRECOMPILE_PREFIX_HEADER = YES;
				GCC_PREFIX_HEADER = "IMA/IMA-Prefix.pch";
				INFOPLIST_FILE = "IMA/IMA-Info.plist";
				PRODUCT_NAME = "$(TARGET_NAME)";
				WRAPPER_EXTENSION = app;
			};
			name = Release;
		};
/* End XCBuildConfiguration section */

/* Begin XCConfigurationList section */
		E9D42E811692B5610028ECF9 /* Build configuration list for PBXProject "IMA" */ = {
			isa = XCConfigurationList;
			buildConfigurations = (
				E9D42EB11692B5620028ECF9 /* Debug */,
				E9D42EB21692B5620028ECF9 /* Release */,
			);
			defaultConfigurationIsVisible = 0;
			defaultConfigurationName = Release;
		};
		E9D42EB31692B5620028ECF9 /* Build configuration list for PBXNativeTarget "IMA" */ = {
			isa = XCConfigurationList;
			buildConfigurations = (
				E9D42EB41692B5620028ECF9 /* Debug */,
				E9D42EB51692B5620028ECF9 /* Release */,
			);
			defaultConfigurationIsVisible = 0;
			defaultConfigurationName = Release;
		};
/* End XCConfigurationList section */
	};
	rootObject = E9D42E7E1692B5610028ECF9 /* Project object */;
}
