// !$*UTF8*$!
{
	archiveVersion = 1;
	classes = {
	};
	objectVersion = 46;
	objects = {

/* Begin PBXBuildFile section */
		E9D42E8C1692B5620028ECF9 /* UIKit.framework in Frameworks */ = {isa = PBXBuildFile; fileRef = E9D42E8B1692B5620028ECF9 /* UIKit.framework */; };
		E9D42E8E1692B5620028ECF9 /* Foundation.framework in Frameworks */ = {isa = PBXBuildFile; fileRef = E9D42E8D1692B5620028ECF9 /* Foundation.framework */; };
		E9D42E901692B5620028ECF9 /* CoreGraphics.framework in Frameworks */ = {isa = PBXBuildFile; fileRef = E9D42E8F1692B5620028ECF9 /* CoreGraphics.framework */; };
		E9D42E961692B5620028ECF9 /* InfoPlist.strings in Resources */ = {isa = PBXBuildFile; fileRef = E9D42E941692B5620028ECF9 /* InfoPlist.strings */; };
		E9D42E981692B5620028ECF9 /* main.m in Sources */ = {isa = PBXBuildFile; fileRef = E9D42E971692B5620028ECF9 /* main.m */; };
		E9D42E9C1692B5620028ECF9 /* AppDelegate.m in Sources */ = {isa = PBXBuildFile; fileRef = E9D42E9B1692B5620028ECF9 /* AppDelegate.m */; };
		E9D42EA11692B5620028ECF9 /* first.png in Resources */ = {isa = PBXBuildFile; fileRef = E9D42EA01692B5620028ECF9 /* first.png */; };
		E9D42EA31692B5620028ECF9 /* first@2x.png in Resources */ = {isa = PBXBuildFile; fileRef = E9D42EA21692B5620028ECF9 /* first@2x.png */; };
		E9D42EA81692B5620028ECF9 /* second.png in Resources */ = {isa = PBXBuildFile; fileRef = E9D42EA71692B5620028ECF9 /* second.png */; };
		E9D42EAA1692B5620028ECF9 /* second@2x.png in Resources */ = {isa = PBXBuildFile; fileRef = E9D42EA91692B5620028ECF9 /* second@2x.png */; };
		E9D42EB91692C6B50028ECF9 /* ProfileViewController.m in Sources */ = {isa = PBXBuildFile; fileRef = E9D42EB71692C6B50028ECF9 /* ProfileViewController.m */; };
		E9D42EBA1692C6B50028ECF9 /* ProfileViewController.xib in Resources */ = {isa = PBXBuildFile; fileRef = E9D42EB81692C6B50028ECF9 /* ProfileViewController.xib */; };
		E9D42EC31692C7ED0028ECF9 /* ChatViewController.m in Sources */ = {isa = PBXBuildFile; fileRef = E9D42EC11692C7ED0028ECF9 /* ChatViewController.m */; };
		E9D42EC41692C7ED0028ECF9 /* ChatViewController.xib in Resources */ = {isa = PBXBuildFile; fileRef = E9D42EC21692C7ED0028ECF9 /* ChatViewController.xib */; };
		E9D42EC81692C8D40028ECF9 /* FavouriteViewController.m in Sources */ = {isa = PBXBuildFile; fileRef = E9D42EC61692C8D40028ECF9 /* FavouriteViewController.m */; };
		E9D42EC91692C8D40028ECF9 /* FavouriteViewController.xib in Resources */ = {isa = PBXBuildFile; fileRef = E9D42EC71692C8D40028ECF9 /* FavouriteViewController.xib */; };
		E9D42ECD1692C9BC0028ECF9 /* MapsViewController.m in Sources */ = {isa = PBXBuildFile; fileRef = E9D42ECB1692C9BC0028ECF9 /* MapsViewController.m */; };
		E9D42ECE1692C9BC0028ECF9 /* MapsViewController.xib in Resources */ = {isa = PBXBuildFile; fileRef = E9D42ECC1692C9BC0028ECF9 /* MapsViewController.xib */; };
		E9D42EDB1692D3A30028ECF9 /* SocialTabViewController.m in Sources */ = {isa = PBXBuildFile; fileRef = E9D42ED91692D3A30028ECF9 /* SocialTabViewController.m */; };
		E9D42EDC1692D3A30028ECF9 /* SocialTabViewController.xib in Resources */ = {isa = PBXBuildFile; fileRef = E9D42EDA1692D3A30028ECF9 /* SocialTabViewController.xib */; };
/* End PBXBuildFile section */

/* Begin PBXFileReference section */
		E9D42E871692B5620028ECF9 /* IMA.app */ = {isa = PBXFileReference; explicitFileType = wrapper.application; includeInIndex = 0; path = IMA.app; sourceTree = BUILT_PRODUCTS_DIR; };
		E9D42E8B1692B5620028ECF9 /* UIKit.framework */ = {isa = PBXFileReference; lastKnownFileType = wrapper.framework; name = UIKit.framework; path = System/Library/Frameworks/UIKit.framework; sourceTree = SDKROOT; };
		E9D42E8D1692B5620028ECF9 /* Foundation.framework */ = {isa = PBXFileReference; lastKnownFileType = wrapper.framework; name = Foundation.framework; path = System/Library/Frameworks/Foundation.framework; sourceTree = SDKROOT; };
		E9D42E8F1692B5620028ECF9 /* CoreGraphics.framework */ = {isa = PBXFileReference; lastKnownFileType = wrapper.framework; name = CoreGraphics.framework; path = System/Library/Frameworks/CoreGraphics.framework; sourceTree = SDKROOT; };
		E9D42E931692B5620028ECF9 /* IMA-Info.plist */ = {isa = PBXFileReference; lastKnownFileType = text.plist.xml; path = "IMA-Info.plist"; sourceTree = "<group>"; };
		E9D42E951692B5620028ECF9 /* en */ = {isa = PBXFileReference; lastKnownFileType = text.plist.strings; name = en; path = en.lproj/InfoPlist.strings; sourceTree = "<group>"; };
		E9D42E971692B5620028ECF9 /* main.m */ = {isa = PBXFileReference; lastKnownFileType = sourcecode.c.objc; path = main.m; sourceTree = "<group>"; };
		E9D42E991692B5620028ECF9 /* IMA-Prefix.pch */ = {isa = PBXFileReference; lastKnownFileType = sourcecode.c.h; path = "IMA-Prefix.pch"; sourceTree = "<group>"; };
		E9D42E9A1692B5620028ECF9 /* AppDelegate.h */ = {isa = PBXFileReference; lastKnownFileType = sourcecode.c.h; path = AppDelegate.h; sourceTree = "<group>"; };
		E9D42E9B1692B5620028ECF9 /* AppDelegate.m */ = {isa = PBXFileReference; lastKnownFileType = sourcecode.c.objc; path = AppDelegate.m; sourceTree = "<group>"; };
		E9D42EA01692B5620028ECF9 /* first.png */ = {isa = PBXFileReference; lastKnownFileType = image.png; path = first.png; sourceTree = "<group>"; };
		E9D42EA21692B5620028ECF9 /* first@2x.png */ = {isa = PBXFileReference; lastKnownFileType = image.png; path = "first@2x.png"; sourceTree = "<group>"; };
		E9D42EA71692B5620028ECF9 /* second.png */ = {isa = PBXFileReference; lastKnownFileType = image.png; path = second.png; sourceTree = "<group>"; };
		E9D42EA91692B5620028ECF9 /* second@2x.png */ = {isa = PBXFileReference; lastKnownFileType = image.png; path = "second@2x.png"; sourceTree = "<group>"; };
		E9D42EB61692C6B50028ECF9 /* ProfileViewController.h */ = {isa = PBXFileReference; fileEncoding = 4; lastKnownFileType = sourcecode.c.h; path = ProfileViewController.h; sourceTree = "<group>"; };
		E9D42EB71692C6B50028ECF9 /* ProfileViewController.m */ = {isa = PBXFileReference; fileEncoding = 4; lastKnownFileType = sourcecode.c.objc; path = ProfileViewController.m; sourceTree = "<group>"; };
		E9D42EB81692C6B50028ECF9 /* ProfileViewController.xib */ = {isa = PBXFileReference; fileEncoding = 4; lastKnownFileType = file.xib; path = ProfileViewController.xib; sourceTree = "<group>"; };
		E9D42EC01692C7ED0028ECF9 /* ChatViewController.h */ = {isa = PBXFileReference; fileEncoding = 4; lastKnownFileType = sourcecode.c.h; path = ChatViewController.h; sourceTree = "<group>"; };
		E9D42EC11692C7ED0028ECF9 /* ChatViewController.m */ = {isa = PBXFileReference; fileEncoding = 4; lastKnownFileType = sourcecode.c.objc; path = ChatViewController.m; sourceTree = "<group>"; };
		E9D42EC21692C7ED0028ECF9 /* ChatViewController.xib */ = {isa = PBXFileReference; fileEncoding = 4; lastKnownFileType = file.xib; path = ChatViewController.xib; sourceTree = "<group>"; };
		E9D42EC51692C8D40028ECF9 /* FavouriteViewController.h */ = {isa = PBXFileReference; fileEncoding = 4; lastKnownFileType = sourcecode.c.h; name = FavouriteViewController.h; path = ../FavouriteViewController.h; sourceTree = "<group>"; };
		E9D42EC61692C8D40028ECF9 /* FavouriteViewController.m */ = {isa = PBXFileReference; fileEncoding = 4; lastKnownFileType = sourcecode.c.objc; name = FavouriteViewController.m; path = ../FavouriteViewController.m; sourceTree = "<group>"; };
		E9D42EC71692C8D40028ECF9 /* FavouriteViewController.xib */ = {isa = PBXFileReference; fileEncoding = 4; lastKnownFileType = file.xib; name = FavouriteViewController.xib; path = ../FavouriteViewController.xib; sourceTree = "<group>"; };
		E9D42ECA1692C9BC0028ECF9 /* MapsViewController.h */ = {isa = PBXFileReference; fileEncoding = 4; lastKnownFileType = sourcecode.c.h; name = MapsViewController.h; path = ../MapsViewController.h; sourceTree = "<group>"; };
		E9D42ECB1692C9BC0028ECF9 /* MapsViewController.m */ = {isa = PBXFileReference; fileEncoding = 4; lastKnownFileType = sourcecode.c.objc; name = MapsViewController.m; path = ../MapsViewController.m; sourceTree = "<group>"; };
		E9D42ECC1692C9BC0028ECF9 /* MapsViewController.xib */ = {isa = PBXFileReference; fileEncoding = 4; lastKnownFileType = file.xib; name = MapsViewController.xib; path = ../MapsViewController.xib; sourceTree = "<group>"; };
		E9D42ED81692D3A30028ECF9 /* SocialTabViewController.h */ = {isa = PBXFileReference; fileEncoding = 4; lastKnownFileType = sourcecode.c.h; path = SocialTabViewController.h; sourceTree = "<group>"; };
		E9D42ED91692D3A30028ECF9 /* SocialTabViewController.m */ = {isa = PBXFileReference; fileEncoding = 4; lastKnownFileType = sourcecode.c.objc; path = SocialTabViewController.m; sourceTree = "<group>"; };
		E9D42EDA1692D3A30028ECF9 /* SocialTabViewController.xib */ = {isa = PBXFileReference; fileEncoding = 4; lastKnownFileType = file.xib; path = SocialTabViewController.xib; sourceTree = "<group>"; };
/* End PBXFileReference section */

/* Begin PBXFrameworksBuildPhase section */
		E9D42E841692B5620028ECF9 /* Frameworks */ = {
			isa = PBXFrameworksBuildPhase;
			buildActionMask = 2147483647;
			files = (
				E9D42E8C1692B5620028ECF9 /* UIKit.framework in Frameworks */,
				E9D42E8E1692B5620028ECF9 /* Foundation.framework in Frameworks */,
				E9D42E901692B5620028ECF9 /* CoreGraphics.framework in Frameworks */,
			);
			runOnlyForDeploymentPostprocessing = 0;
		};
/* End PBXFrameworksBuildPhase section */

/* Begin PBXGroup section */
		E9D42E7C1692B5610028ECF9 = {
			isa = PBXGroup;
			children = (
				E9D42E911692B5620028ECF9 /* IMA */,
				E9D42E8A1692B5620028ECF9 /* Frameworks */,
				E9D42E881692B5620028ECF9 /* Products */,
			);
			sourceTree = "<group>";
		};
		E9D42E881692B5620028ECF9 /* Products */ = {
			isa = PBXGroup;
			children = (
				E9D42E871692B5620028ECF9 /* IMA.app */,
			);
			name = Products;
			sourceTree = "<group>";
		};
		E9D42E8A1692B5620028ECF9 /* Frameworks */ = {
			isa = PBXGroup;
			children = (
				E9D42E8B1692B5620028ECF9 /* UIKit.framework */,
				E9D42E8D1692B5620028ECF9 /* Foundation.framework */,
				E9D42E8F1692B5620028ECF9 /* CoreGraphics.framework */,
			);
			name = Frameworks;
			sourceTree = "<group>";
		};
		E9D42E911692B5620028ECF9 /* IMA */ = {
			isa = PBXGroup;
			children = (
				E9D42ECA1692C9BC0028ECF9 /* MapsViewController.h */,
				E9D42ECB1692C9BC0028ECF9 /* MapsViewController.m */,
				E9D42ECC1692C9BC0028ECF9 /* MapsViewController.xib */,
				E9D42EC51692C8D40028ECF9 /* FavouriteViewController.h */,
				E9D42EC61692C8D40028ECF9 /* FavouriteViewController.m */,
				E9D42EC71692C8D40028ECF9 /* FavouriteViewController.xib */,
				E9D42E9A1692B5620028ECF9 /* AppDelegate.h */,
				E9D42E9B1692B5620028ECF9 /* AppDelegate.m */,
				E9D42EB61692C6B50028ECF9 /* ProfileViewController.h */,
				E9D42EB71692C6B50028ECF9 /* ProfileViewController.m */,
				E9D42EB81692C6B50028ECF9 /* ProfileViewController.xib */,
				E9D42EC01692C7ED0028ECF9 /* ChatViewController.h */,
				E9D42EC11692C7ED0028ECF9 /* ChatViewController.m */,
				E9D42EC21692C7ED0028ECF9 /* ChatViewController.xib */,
				E9D42E921692B5620028ECF9 /* Supporting Files */,
				E9D42ED81692D3A30028ECF9 /* SocialTabViewController.h */,
				E9D42ED91692D3A30028ECF9 /* SocialTabViewController.m */,
				E9D42EDA1692D3A30028ECF9 /* SocialTabViewController.xib */,
			);
			path = IMA;
			sourceTree = "<group>";
		};
		E9D42E921692B5620028ECF9 /* Supporting Files */ = {
			isa = PBXGroup;
			children = (
				E9D42EDE1692D3DF0028ECF9 /* Images */,
				E9D42E931692B5620028ECF9 /* IMA-Info.plist */,
				E9D42E941692B5620028ECF9 /* InfoPlist.strings */,
				E9D42E971692B5620028ECF9 /* main.m */,
				E9D42E991692B5620028ECF9 /* IMA-Prefix.pch */,
			);
			name = "Supporting Files";
			sourceTree = "<group>";
		};
		E9D42EDE1692D3DF0028ECF9 /* Images */ = {
			isa = PBXGroup;
			children = (
				E9D42EA01692B5620028ECF9 /* first.png */,
				E9D42EA21692B5620028ECF9 /* first@2x.png */,
				E9D42EA71692B5620028ECF9 /* second.png */,
				E9D42EA91692B5620028ECF9 /* second@2x.png */,
			);
			name = Images;
			sourceTree = "<group>";
		};
/* End PBXGroup section */

/* Begin PBXNativeTarget section */
		E9D42E861692B5620028ECF9 /* IMA */ = {
			isa = PBXNativeTarget;
			buildConfigurationList = E9D42EB31692B5620028ECF9 /* Build configuration list for PBXNativeTarget "IMA" */;
			buildPhases = (
				E9D42E831692B5620028ECF9 /* Sources */,
				E9D42E841692B5620028ECF9 /* Frameworks */,
				E9D42E851692B5620028ECF9 /* Resources */,
			);
			buildRules = (
			);
			dependencies = (
			);
			name = IMA;
			productName = IMA;
			productReference = E9D42E871692B5620028ECF9 /* IMA.app */;
			productType = "com.apple.product-type.application";
		};
/* End PBXNativeTarget section */

/* Begin PBXProject section */
		E9D42E7E1692B5610028ECF9 /* Project object */ = {
			isa = PBXProject;
			attributes = {
				LastUpgradeCheck = 0430;
			};
			buildConfigurationList = E9D42E811692B5610028ECF9 /* Build configuration list for PBXProject "IMA" */;
			compatibilityVersion = "Xcode 3.2";
			developmentRegion = English;
			hasScannedForEncodings = 0;
			knownRegions = (
				en,
			);
			mainGroup = E9D42E7C1692B5610028ECF9;
			productRefGroup = E9D42E881692B5620028ECF9 /* Products */;
			projectDirPath = "";
			projectRoot = "";
			targets = (
				E9D42E861692B5620028ECF9 /* IMA */,
			);
		};
/* End PBXProject section */

/* Begin PBXResourcesBuildPhase section */
		E9D42E851692B5620028ECF9 /* Resources */ = {
			isa = PBXResourcesBuildPhase;
			buildActionMask = 2147483647;
			files = (
				E9D42E961692B5620028ECF9 /* InfoPlist.strings in Resources */,
				E9D42EA11692B5620028ECF9 /* first.png in Resources */,
				E9D42EA31692B5620028ECF9 /* first@2x.png in Resources */,
				E9D42EA81692B5620028ECF9 /* second.png in Resources */,
				E9D42EAA1692B5620028ECF9 /* second@2x.png in Resources */,
				E9D42EBA1692C6B50028ECF9 /* ProfileViewController.xib in Resources */,
				E9D42EC41692C7ED0028ECF9 /* ChatViewController.xib in Resources */,
				E9D42EC91692C8D40028ECF9 /* FavouriteViewController.xib in Resources */,
				E9D42ECE1692C9BC0028ECF9 /* MapsViewController.xib in Resources */,
				E9D42EDC1692D3A30028ECF9 /* SocialTabViewController.xib in Resources */,
			);
			runOnlyForDeploymentPostprocessing = 0;
		};
/* End PBXResourcesBuildPhase section */

/* Begin PBXSourcesBuildPhase section */
		E9D42E831692B5620028ECF9 /* Sources */ = {
			isa = PBXSourcesBuildPhase;
			buildActionMask = 2147483647;
			files = (
				E9D42E981692B5620028ECF9 /* main.m in Sources */,
				E9D42E9C1692B5620028ECF9 /* AppDelegate.m in Sources */,
				E9D42EB91692C6B50028ECF9 /* ProfileViewController.m in Sources */,
				E9D42EC31692C7ED0028ECF9 /* ChatViewController.m in Sources */,
				E9D42EC81692C8D40028ECF9 /* FavouriteViewController.m in Sources */,
				E9D42ECD1692C9BC0028ECF9 /* MapsViewController.m in Sources */,
				E9D42EDB1692D3A30028ECF9 /* SocialTabViewController.m in Sources */,
			);
			runOnlyForDeploymentPostprocessing = 0;
		};
/* End PBXSourcesBuildPhase section */

/* Begin PBXVariantGroup section */
		E9D42E941692B5620028ECF9 /* InfoPlist.strings */ = {
			isa = PBXVariantGroup;
			children = (
				E9D42E951692B5620028ECF9 /* en */,
			);
			name = InfoPlist.strings;
			sourceTree = "<group>";
		};
/* End PBXVariantGroup section */

/* Begin XCBuildConfiguration section */
		E9D42EB11692B5620028ECF9 /* Debug */ = {
			isa = XCBuildConfiguration;
			buildSettings = {
				ALWAYS_SEARCH_USER_PATHS = NO;
				ARCHS = "$(ARCHS_STANDARD_32_BIT)";
				"CODE_SIGN_IDENTITY[sdk=iphoneos*]" = "iPhone Developer";
				COPY_PHASE_STRIP = NO;
				GCC_C_LANGUAGE_STANDARD = gnu99;
				GCC_DYNAMIC_NO_PIC = NO;
				GCC_OPTIMIZATION_LEVEL = 0;
				GCC_PREPROCESSOR_DEFINITIONS = (
					"DEBUG=1",
					"$(inherited)",
				);
				GCC_SYMBOLS_PRIVATE_EXTERN = NO;
				GCC_VERSION = com.apple.compilers.llvm.clang.1_0;
				GCC_WARN_ABOUT_RETURN_TYPE = YES;
				GCC_WARN_UNINITIALIZED_AUTOS = YES;
				GCC_WARN_UNUSED_VARIABLE = YES;
				IPHONEOS_DEPLOYMENT_TARGET = 5.1;
				SDKROOT = iphoneos;
			};
			name = Debug;
		};
		E9D42EB21692B5620028ECF9 /* Release */ = {
			isa = XCBuildConfiguration;
			buildSettings = {
				ALWAYS_SEARCH_USER_PATHS = NO;
				ARCHS = "$(ARCHS_STANDARD_32_BIT)";
				"CODE_SIGN_IDENTITY[sdk=iphoneos*]" = "iPhone Developer";
				COPY_PHASE_STRIP = YES;
				GCC_C_LANGUAGE_STANDARD = gnu99;
				GCC_VERSION = com.apple.compilers.llvm.clang.1_0;
				GCC_WARN_ABOUT_RETURN_TYPE = YES;
				GCC_WARN_UNINITIALIZED_AUTOS = YES;
				GCC_WARN_UNUSED_VARIABLE = YES;
				IPHONEOS_DEPLOYMENT_TARGET = 5.1;
				OTHER_CFLAGS = "-DNS_BLOCK_ASSERTIONS=1";
				SDKROOT = iphoneos;
				VALIDATE_PRODUCT = YES;
			};
			name = Release;
		};
		E9D42EB41692B5620028ECF9 /* Debug */ = {
			isa = XCBuildConfiguration;
			buildSettings = {
				GCC_PRECOMPILE_PREFIX_HEADER = YES;
				GCC_PREFIX_HEADER = "IMA/IMA-Prefix.pch";
				INFOPLIST_FILE = "IMA/IMA-Info.plist";
				PRODUCT_NAME = "$(TARGET_NAME)";
				WRAPPER_EXTENSION = app;
			};
			name = Debug;
		};
		E9D42EB51692B5620028ECF9 /* Release */ = {
			isa = XCBuildConfiguration;
			buildSettings = {
				GCC_PRECOMPILE_PREFIX_HEADER = YES;
				GCC_PREFIX_HEADER = "IMA/IMA-Prefix.pch";
				INFOPLIST_FILE = "IMA/IMA-Info.plist";
				PRODUCT_NAME = "$(TARGET_NAME)";
				WRAPPER_EXTENSION = app;
			};
			name = Release;
		};
/* End XCBuildConfiguration section */

/* Begin XCConfigurationList section */
		E9D42E811692B5610028ECF9 /* Build configuration list for PBXProject "IMA" */ = {
			isa = XCConfigurationList;
			buildConfigurations = (
				E9D42EB11692B5620028ECF9 /* Debug */,
				E9D42EB21692B5620028ECF9 /* Release */,
			);
			defaultConfigurationIsVisible = 0;
			defaultConfigurationName = Release;
		};
		E9D42EB31692B5620028ECF9 /* Build configuration list for PBXNativeTarget "IMA" */ = {
			isa = XCConfigurationList;
			buildConfigurations = (
				E9D42EB41692B5620028ECF9 /* Debug */,
				E9D42EB51692B5620028ECF9 /* Release */,
			);
			defaultConfigurationIsVisible = 0;
			defaultConfigurationName = Release;
		};
/* End XCConfigurationList section */
	};
	rootObject = E9D42E7E1692B5610028ECF9 /* Project object */;
}
